
Microsoft Visual Studio Solution File, Format Version 12.00
# Visual Studio Version 16
VisualStudioVersion = 16.0.35229.62
MinimumVisualStudioVersion = 10.0.40219.1
Project("{9A19103F-16F7-4668-BE54-9A1E7A4F7556}") = "GroupProject", "GroupProject\GroupProject.csproj", "{D5FFDC33-7D7B-4710-98BE-B71B4DFB6131}"
EndProject
Global
	GlobalSection(SolutionConfigurationPlatforms) = preSolution
		Debug|Any CPU = Debug|Any CPU
		Release|Any CPU = Release|Any CPU
	EndGlobalSection
	GlobalSection(ProjectConfigurationPlatforms) = postSolution
		{D5FFDC33-7D7B-4710-98BE-B71B4DFB6131}.Debug|Any CPU.ActiveCfg = Debug|Any CPU
		{D5FFDC33-7D7B-4710-98BE-B71B4DFB6131}.Debug|Any CPU.Build.0 = Debug|Any CPU
		{D5FFDC33-7D7B-4710-98BE-B71B4DFB6131}.Release|Any CPU.ActiveCfg = Release|Any CPU
		{D5FFDC33-7D7B-4710-98BE-B71B4DFB6131}.Release|Any CPU.Build.0 = Release|Any CPU
	EndGlobalSection
	GlobalSection(SolutionProperties) = preSolution
		HideSolutionNode = FALSE
	EndGlobalSection
	GlobalSection(ExtensibilityGlobals) = postSolution
		SolutionGuid = {91073B59-50F5-4854-B82B-BA356A10E815}
	EndGlobalSection
EndGlobal
